// !$*UTF8*$!
{
	archiveVersion = 1;
	classes = {
	};
	objectVersion = 56;
	objects = {

/* Begin PBXBuildFile section */
		B69E238D2966D2BC002EE52F /* adChampagneApp.swift in Sources */ = {isa = PBXBuildFile; fileRef = B69E238C2966D2BC002EE52F /* adChampagneApp.swift */; };
		B69E238F2966D2BC002EE52F /* ContentView.swift in Sources */ = {isa = PBXBuildFile; fileRef = B69E238E2966D2BC002EE52F /* ContentView.swift */; };
		B69E23912966D2BE002EE52F /* Assets.xcassets in Resources */ = {isa = PBXBuildFile; fileRef = B69E23902966D2BE002EE52F /* Assets.xcassets */; };
		B69E23942966D2BE002EE52F /* Preview Assets.xcassets in Resources */ = {isa = PBXBuildFile; fileRef = B69E23932966D2BE002EE52F /* Preview Assets.xcassets */; };
		B69E239C2966D415002EE52F /* LogingView.swift in Sources */ = {isa = PBXBuildFile; fileRef = B69E239B2966D415002EE52F /* LogingView.swift */; };
		B69E239E2966DCC5002EE52F /* AuthorizedView.swift in Sources */ = {isa = PBXBuildFile; fileRef = B69E239D2966DCC5002EE52F /* AuthorizedView.swift */; };
		B69E23A12966DD5D002EE52F /* CredentialsModel.swift in Sources */ = {isa = PBXBuildFile; fileRef = B69E23A02966DD5D002EE52F /* CredentialsModel.swift */; };
		B69E23A429672A4A002EE52F /* APICallSimulator.swift in Sources */ = {isa = PBXBuildFile; fileRef = B69E23A329672A4A002EE52F /* APICallSimulator.swift */; };
		B69E23A729672BB3002EE52F /* UIApplication+Extension.swift in Sources */ = {isa = PBXBuildFile; fileRef = B69E23A629672BB3002EE52F /* UIApplication+Extension.swift */; };
/* End PBXBuildFile section */

/* Begin PBXFileReference section */
		B69E23892966D2BC002EE52F /* adChampagne.app */ = {isa = PBXFileReference; explicitFileType = wrapper.application; includeInIndex = 0; path = adChampagne.app; sourceTree = BUILT_PRODUCTS_DIR; };
		B69E238C2966D2BC002EE52F /* adChampagneApp.swift */ = {isa = PBXFileReference; lastKnownFileType = sourcecode.swift; path = adChampagneApp.swift; sourceTree = "<group>"; };
		B69E238E2966D2BC002EE52F /* ContentView.swift */ = {isa = PBXFileReference; lastKnownFileType = sourcecode.swift; path = ContentView.swift; sourceTree = "<group>"; };
		B69E23902966D2BE002EE52F /* Assets.xcassets */ = {isa = PBXFileReference; lastKnownFileType = folder.assetcatalog; path = Assets.xcassets; sourceTree = "<group>"; };
		B69E23932966D2BE002EE52F /* Preview Assets.xcassets */ = {isa = PBXFileReference; lastKnownFileType = folder.assetcatalog; path = "Preview Assets.xcassets"; sourceTree = "<group>"; };
		B69E239B2966D415002EE52F /* LogingView.swift */ = {isa = PBXFileReference; lastKnownFileType = sourcecode.swift; path = LogingView.swift; sourceTree = "<group>"; };
		B69E239D2966DCC5002EE52F /* AuthorizedView.swift */ = {isa = PBXFileReference; lastKnownFileType = sourcecode.swift; path = AuthorizedView.swift; sourceTree = "<group>"; };
		B69E23A02966DD5D002EE52F /* CredentialsModel.swift */ = {isa = PBXFileReference; lastKnownFileType = sourcecode.swift; path = CredentialsModel.swift; sourceTree = "<group>"; };
		B69E23A329672A4A002EE52F /* APICallSimulator.swift */ = {isa = PBXFileReference; lastKnownFileType = sourcecode.swift; path = APICallSimulator.swift; sourceTree = "<group>"; };
		B69E23A629672BB3002EE52F /* UIApplication+Extension.swift */ = {isa = PBXFileReference; lastKnownFileType = sourcecode.swift; path = "UIApplication+Extension.swift"; sourceTree = "<group>"; };
/* End PBXFileReference section */

/* Begin PBXFrameworksBuildPhase section */
		B69E23862966D2BC002EE52F /* Frameworks */ = {
			isa = PBXFrameworksBuildPhase;
			buildActionMask = 2147483647;
			files = (
			);
			runOnlyForDeploymentPostprocessing = 0;
		};
/* End PBXFrameworksBuildPhase section */

/* Begin PBXGroup section */
		B69E23802966D2BC002EE52F = {
			isa = PBXGroup;
			children = (
				B69E238B2966D2BC002EE52F /* adChampagne */,
				B69E238A2966D2BC002EE52F /* Products */,
			);
			sourceTree = "<group>";
		};
		B69E238A2966D2BC002EE52F /* Products */ = {
			isa = PBXGroup;
			children = (
				B69E23892966D2BC002EE52F /* adChampagne.app */,
			);
			name = Products;
			sourceTree = "<group>";
		};
		B69E238B2966D2BC002EE52F /* adChampagne */ = {
			isa = PBXGroup;
			children = (
				B69E23A529672B97002EE52F /* Extensions */,
				B69E23A229672A13002EE52F /* Services */,
				B69E239F2966DCF6002EE52F /* Models */,
				B69E239A2966D2F2002EE52F /* Views */,
				B69E23902966D2BE002EE52F /* Assets.xcassets */,
				B69E23922966D2BE002EE52F /* Preview Content */,
			);
			path = adChampagne;
			sourceTree = "<group>";
		};
		B69E23922966D2BE002EE52F /* Preview Content */ = {
			isa = PBXGroup;
			children = (
				B69E23932966D2BE002EE52F /* Preview Assets.xcassets */,
			);
			path = "Preview Content";
			sourceTree = "<group>";
		};
		B69E239A2966D2F2002EE52F /* Views */ = {
			isa = PBXGroup;
			children = (
				B69E238C2966D2BC002EE52F /* adChampagneApp.swift */,
				B69E238E2966D2BC002EE52F /* ContentView.swift */,
				B69E239B2966D415002EE52F /* LogingView.swift */,
				B69E239D2966DCC5002EE52F /* AuthorizedView.swift */,
			);
			path = Views;
			sourceTree = "<group>";
		};
		B69E239F2966DCF6002EE52F /* Models */ = {
			isa = PBXGroup;
			children = (
				B69E23A02966DD5D002EE52F /* CredentialsModel.swift */,
			);
			path = Models;
			sourceTree = "<group>";
		};
		B69E23A229672A13002EE52F /* Services */ = {
			isa = PBXGroup;
			children = (
				B69E23A329672A4A002EE52F /* APICallSimulator.swift */,
			);
			path = Services;
			sourceTree = "<group>";
		};
		B69E23A529672B97002EE52F /* Extensions */ = {
			isa = PBXGroup;
			children = (
				B69E23A629672BB3002EE52F /* UIApplication+Extension.swift */,
			);
			path = Extensions;
			sourceTree = "<group>";
		};
/* End PBXGroup section */

/* Begin PBXNativeTarget section */
		B69E23882966D2BC002EE52F /* adChampagne */ = {
			isa = PBXNativeTarget;
			buildConfigurationList = B69E23972966D2BE002EE52F /* Build configuration list for PBXNativeTarget "adChampagne" */;
			buildPhases = (
				B69E23852966D2BC002EE52F /* Sources */,
				B69E23862966D2BC002EE52F /* Frameworks */,
				B69E23872966D2BC002EE52F /* Resources */,
			);
			buildRules = (
			);
			dependencies = (
			);
			name = adChampagne;
			productName = adChampagne;
			productReference = B69E23892966D2BC002EE52F /* adChampagne.app */;
			productType = "com.apple.product-type.application";
		};
/* End PBXNativeTarget section */

/* Begin PBXProject section */
		B69E23812966D2BC002EE52F /* Project object */ = {
			isa = PBXProject;
			attributes = {
				BuildIndependentTargetsInParallel = 1;
				LastSwiftUpdateCheck = 1420;
				LastUpgradeCheck = 1420;
				TargetAttributes = {
					B69E23882966D2BC002EE52F = {
						CreatedOnToolsVersion = 14.2;
					};
				};
			};
			buildConfigurationList = B69E23842966D2BC002EE52F /* Build configuration list for PBXProject "adChampagne" */;
			compatibilityVersion = "Xcode 14.0";
			developmentRegion = en;
			hasScannedForEncodings = 0;
			knownRegions = (
				en,
				Base,
			);
			mainGroup = B69E23802966D2BC002EE52F;
			productRefGroup = B69E238A2966D2BC002EE52F /* Products */;
			projectDirPath = "";
			projectRoot = "";
			targets = (
				B69E23882966D2BC002EE52F /* adChampagne */,
			);
		};
/* End PBXProject section */

/* Begin PBXResourcesBuildPhase section */
		B69E23872966D2BC002EE52F /* Resources */ = {
			isa = PBXResourcesBuildPhase;
			buildActionMask = 2147483647;
			files = (
				B69E23942966D2BE002EE52F /* Preview Assets.xcassets in Resources */,
				B69E23912966D2BE002EE52F /* Assets.xcassets in Resources */,
			);
			runOnlyForDeploymentPostprocessing = 0;
		};
/* End PBXResourcesBuildPhase section */

/* Begin PBXSourcesBuildPhase section */
		B69E23852966D2BC002EE52F /* Sources */ = {
			isa = PBXSourcesBuildPhase;
			buildActionMask = 2147483647;
			files = (
				B69E23A12966DD5D002EE52F /* CredentialsModel.swift in Sources */,
				B69E23A429672A4A002EE52F /* APICallSimulator.swift in Sources */,
				B69E238F2966D2BC002EE52F /* ContentView.swift in Sources */,
				B69E239E2966DCC5002EE52F /* AuthorizedView.swift in Sources */,
				B69E238D2966D2BC002EE52F /* adChampagneApp.swift in Sources */,
				B69E239C2966D415002EE52F /* LogingView.swift in Sources */,
				B69E23A729672BB3002EE52F /* UIApplication+Extension.swift in Sources */,
			);
			runOnlyForDeploymentPostprocessing = 0;
		};
/* End PBXSourcesBuildPhase section */

/* Begin XCBuildConfiguration section */
		B69E23952966D2BE002EE52F /* Debug */ = {
			isa = XCBuildConfiguration;
			buildSettings = {
				ALWAYS_SEARCH_USER_PATHS = NO;
				CLANG_ANALYZER_NONNULL = YES;
				CLANG_ANALYZER_NUMBER_OBJECT_CONVERSION = YES_AGGRESSIVE;
				CLANG_CXX_LANGUAGE_STANDARD = "gnu++20";
				CLANG_ENABLE_MODULES = YES;
				CLANG_ENABLE_OBJC_ARC = YES;
				CLANG_ENABLE_OBJC_WEAK = YES;
				CLANG_WARN_BLOCK_CAPTURE_AUTORELEASING = YES;
				CLANG_WARN_BOOL_CONVERSION = YES;
				CLANG_WARN_COMMA = YES;
				CLANG_WARN_CONSTANT_CONVERSION = YES;
				CLANG_WARN_DEPRECATED_OBJC_IMPLEMENTATIONS = YES;
				CLANG_WARN_DIRECT_OBJC_ISA_USAGE = YES_ERROR;
				CLANG_WARN_DOCUMENTATION_COMMENTS = YES;
				CLANG_WARN_EMPTY_BODY = YES;
				CLANG_WARN_ENUM_CONVERSION = YES;
				CLANG_WARN_INFINITE_RECURSION = YES;
				CLANG_WARN_INT_CONVERSION = YES;
				CLANG_WARN_NON_LITERAL_NULL_CONVERSION = YES;
				CLANG_WARN_OBJC_IMPLICIT_RETAIN_SELF = YES;
				CLANG_WARN_OBJC_LITERAL_CONVERSION = YES;
				CLANG_WARN_OBJC_ROOT_CLASS = YES_ERROR;
				CLANG_WARN_QUOTED_INCLUDE_IN_FRAMEWORK_HEADER = YES;
				CLANG_WARN_RANGE_LOOP_ANALYSIS = YES;
				CLANG_WARN_STRICT_PROTOTYPES = YES;
				CLANG_WARN_SUSPICIOUS_MOVE = YES;
				CLANG_WARN_UNGUARDED_AVAILABILITY = YES_AGGRESSIVE;
				CLANG_WARN_UNREACHABLE_CODE = YES;
				CLANG_WARN__DUPLICATE_METHOD_MATCH = YES;
				COPY_PHASE_STRIP = NO;
				DEBUG_INFORMATION_FORMAT = dwarf;
				ENABLE_STRICT_OBJC_MSGSEND = YES;
				ENABLE_TESTABILITY = YES;
				GCC_C_LANGUAGE_STANDARD = gnu11;
				GCC_DYNAMIC_NO_PIC = NO;
				GCC_NO_COMMON_BLOCKS = YES;
				GCC_OPTIMIZATION_LEVEL = 0;
				GCC_PREPROCESSOR_DEFINITIONS = (
					"DEBUG=1",
					"$(inherited)",
				);
				GCC_WARN_64_TO_32_BIT_CONVERSION = YES;
				GCC_WARN_ABOUT_RETURN_TYPE = YES_ERROR;
				GCC_WARN_UNDECLARED_SELECTOR = YES;
				GCC_WARN_UNINITIALIZED_AUTOS = YES_AGGRESSIVE;
				GCC_WARN_UNUSED_FUNCTION = YES;
				GCC_WARN_UNUSED_VARIABLE = YES;
				IPHONEOS_DEPLOYMENT_TARGET = 14.0;
				MTL_ENABLE_DEBUG_INFO = INCLUDE_SOURCE;
				MTL_FAST_MATH = YES;
				ONLY_ACTIVE_ARCH = YES;
				SDKROOT = iphoneos;
				SWIFT_ACTIVE_COMPILATION_CONDITIONS = DEBUG;
				SWIFT_OPTIMIZATION_LEVEL = "-Onone";
			};
			name = Debug;
		};
		B69E23962966D2BE002EE52F /* Release */ = {
			isa = XCBuildConfiguration;
			buildSettings = {
				ALWAYS_SEARCH_USER_PATHS = NO;
				CLANG_ANALYZER_NONNULL = YES;
				CLANG_ANALYZER_NUMBER_OBJECT_CONVERSION = YES_AGGRESSIVE;
				CLANG_CXX_LANGUAGE_STANDARD = "gnu++20";
				CLANG_ENABLE_MODULES = YES;
				CLANG_ENABLE_OBJC_ARC = YES;
				CLANG_ENABLE_OBJC_WEAK = YES;
				CLANG_WARN_BLOCK_CAPTURE_AUTORELEASING = YES;
				CLANG_WARN_BOOL_CONVERSION = YES;
				CLANG_WARN_COMMA = YES;
				CLANG_WARN_CONSTANT_CONVERSION = YES;
				CLANG_WARN_DEPRECATED_OBJC_IMPLEMENTATIONS = YES;
				CLANG_WARN_DIRECT_OBJC_ISA_USAGE = YES_ERROR;
				CLANG_WARN_DOCUMENTATION_COMMENTS = YES;
				CLANG_WARN_EMPTY_BODY = YES;
				CLANG_WARN_ENUM_CONVERSION = YES;
				CLANG_WARN_INFINITE_RECURSION = YES;
				CLANG_WARN_INT_CONVERSION = YES;
				CLANG_WARN_NON_LITERAL_NULL_CONVERSION = YES;
				CLANG_WARN_OBJC_IMPLICIT_RETAIN_SELF = YES;
				CLANG_WARN_OBJC_LITERAL_CONVERSION = YES;
				CLANG_WARN_OBJC_ROOT_CLASS = YES_ERROR;
				CLANG_WARN_QUOTED_INCLUDE_IN_FRAMEWORK_HEADER = YES;
				CLANG_WARN_RANGE_LOOP_ANALYSIS = YES;
				CLANG_WARN_STRICT_PROTOTYPES = YES;
				CLANG_WARN_SUSPICIOUS_MOVE = YES;
				CLANG_WARN_UNGUARDED_AVAILABILITY = YES_AGGRESSIVE;
				CLANG_WARN_UNREACHABLE_CODE = YES;
				CLANG_WARN__DUPLICATE_METHOD_MATCH = YES;
				COPY_PHASE_STRIP = NO;
				DEBUG_INFORMATION_FORMAT = "dwarf-with-dsym";
				ENABLE_NS_ASSERTIONS = NO;
				ENABLE_STRICT_OBJC_MSGSEND = YES;
				GCC_C_LANGUAGE_STANDARD = gnu11;
				GCC_NO_COMMON_BLOCKS = YES;
				GCC_WARN_64_TO_32_BIT_CONVERSION = YES;
				GCC_WARN_ABOUT_RETURN_TYPE = YES_ERROR;
				GCC_WARN_UNDECLARED_SELECTOR = YES;
				GCC_WARN_UNINITIALIZED_AUTOS = YES_AGGRESSIVE;
				GCC_WARN_UNUSED_FUNCTION = YES;
				GCC_WARN_UNUSED_VARIABLE = YES;
				IPHONEOS_DEPLOYMENT_TARGET = 14.0;
				MTL_ENABLE_DEBUG_INFO = NO;
				MTL_FAST_MATH = YES;
				SDKROOT = iphoneos;
				SWIFT_COMPILATION_MODE = wholemodule;
				SWIFT_OPTIMIZATION_LEVEL = "-O";
				VALIDATE_PRODUCT = YES;
			};
			name = Release;
		};
		B69E23982966D2BE002EE52F /* Debug */ = {
			isa = XCBuildConfiguration;
			buildSettings = {
				ASSETCATALOG_COMPILER_APPICON_NAME = AppIcon;
				ASSETCATALOG_COMPILER_GLOBAL_ACCENT_COLOR_NAME = AccentColor;
				CODE_SIGN_STYLE = Automatic;
				CURRENT_PROJECT_VERSION = 1;
				DEVELOPMENT_ASSET_PATHS = "\"adChampagne/Preview Content\"";
				DEVELOPMENT_TEAM = 375MTX42Q8;
				ENABLE_PREVIEWS = YES;
				GENERATE_INFOPLIST_FILE = YES;
				INFOPLIST_KEY_UIApplicationSceneManifest_Generation = YES;
				INFOPLIST_KEY_UIApplicationSupportsIndirectInputEvents = YES;
				INFOPLIST_KEY_UILaunchScreen_Generation = YES;
				INFOPLIST_KEY_UISupportedInterfaceOrientations = UIInterfaceOrientationPortrait;
				INFOPLIST_KEY_UISupportedInterfaceOrientations_iPad = "UIInterfaceOrientationLandscapeLeft UIInterfaceOrientationLandscapeRight UIInterfaceOrientationPortrait UIInterfaceOrientationPortraitUpsideDown";
				IPHONEOS_DEPLOYMENT_TARGET = 14.0;
				LD_RUNPATH_SEARCH_PATHS = (
					"$(inherited)",
					"@executable_path/Frameworks",
				);
				MARKETING_VERSION = 1.0;
				PRODUCT_BUNDLE_IDENTIFIER = "Andrei-Panasenko.adChampagne";
				PRODUCT_NAME = "$(TARGET_NAME)";
				SUPPORTED_PLATFORMS = "iphoneos iphonesimulator";
				SUPPORTS_MACCATALYST = NO;
				SUPPORTS_MAC_DESIGNED_FOR_IPHONE_IPAD = NO;
				SWIFT_EMIT_LOC_STRINGS = YES;
				SWIFT_VERSION = 5.0;
				TARGETED_DEVICE_FAMILY = 1;
			};
			name = Debug;
		};
		B69E23992966D2BE002EE52F /* Release */ = {
			isa = XCBuildConfiguration;
			buildSettings = {
				ASSETCATALOG_COMPILER_APPICON_NAME = AppIcon;
				ASSETCATALOG_COMPILER_GLOBAL_ACCENT_COLOR_NAME = AccentColor;
				CODE_SIGN_STYLE = Automatic;
				CURRENT_PROJECT_VERSION = 1;
				DEVELOPMENT_ASSET_PATHS = "\"adChampagne/Preview Content\"";
				DEVELOPMENT_TEAM = 375MTX42Q8;
				ENABLE_PREVIEWS = YES;
				GENERATE_INFOPLIST_FILE = YES;
				INFOPLIST_KEY_UIApplicationSceneManifest_Generation = YES;
				INFOPLIST_KEY_UIApplicationSupportsIndirectInputEvents = YES;
				INFOPLIST_KEY_UILaunchScreen_Generation = YES;
				INFOPLIST_KEY_UISupportedInterfaceOrientations = UIInterfaceOrientationPortrait;
				INFOPLIST_KEY_UISupportedInterfaceOrientations_iPad = "UIInterfaceOrientationLandscapeLeft UIInterfaceOrientationLandscapeRight UIInterfaceOrientationPortrait UIInterfaceOrientationPortraitUpsideDown";
				IPHONEOS_DEPLOYMENT_TARGET = 14.0;
				LD_RUNPATH_SEARCH_PATHS = (
					"$(inherited)",
					"@executable_path/Frameworks",
				);
				MARKETING_VERSION = 1.0;
				PRODUCT_BUNDLE_IDENTIFIER = "Andrei-Panasenko.adChampagne";
				PRODUCT_NAME = "$(TARGET_NAME)";
				SUPPORTED_PLATFORMS = "iphoneos iphonesimulator";
				SUPPORTS_MACCATALYST = NO;
				SUPPORTS_MAC_DESIGNED_FOR_IPHONE_IPAD = NO;
				SWIFT_EMIT_LOC_STRINGS = YES;
				SWIFT_VERSION = 5.0;
				TARGETED_DEVICE_FAMILY = 1;
			};
			name = Release;
		};
/* End XCBuildConfiguration section */

/* Begin XCConfigurationList section */
		B69E23842966D2BC002EE52F /* Build configuration list for PBXProject "adChampagne" */ = {
			isa = XCConfigurationList;
			buildConfigurations = (
				B69E23952966D2BE002EE52F /* Debug */,
				B69E23962966D2BE002EE52F /* Release */,
			);
			defaultConfigurationIsVisible = 0;
			defaultConfigurationName = Release;
		};
		B69E23972966D2BE002EE52F /* Build configuration list for PBXNativeTarget "adChampagne" */ = {
			isa = XCConfigurationList;
			buildConfigurations = (
				B69E23982966D2BE002EE52F /* Debug */,
				B69E23992966D2BE002EE52F /* Release */,
			);
			defaultConfigurationIsVisible = 0;
			defaultConfigurationName = Release;
		};
/* End XCConfigurationList section */
	};
	rootObject = B69E23812966D2BC002EE52F /* Project object */;
}
